// !$*UTF8*$!
{
	archiveVersion = 1;
	classes = {
	};
	objectVersion = 48;
	objects = {

/* Begin PBXBuildFile section */
		E401B204204925E1000B66CA /* AppDelegate.m in Sources */ = {isa = PBXBuildFile; fileRef = E401B203204925E1000B66CA /* AppDelegate.m */; };
		E401B207204925E1000B66CA /* ViewController.m in Sources */ = {isa = PBXBuildFile; fileRef = E401B206204925E1000B66CA /* ViewController.m */; };
		E401B20A204925E1000B66CA /* Main.storyboard in Resources */ = {isa = PBXBuildFile; fileRef = E401B208204925E1000B66CA /* Main.storyboard */; };
		E401B20C204925E1000B66CA /* Assets.xcassets in Resources */ = {isa = PBXBuildFile; fileRef = E401B20B204925E1000B66CA /* Assets.xcassets */; };
		E401B20F204925E1000B66CA /* LaunchScreen.storyboard in Resources */ = {isa = PBXBuildFile; fileRef = E401B20D204925E1000B66CA /* LaunchScreen.storyboard */; };
		E401B212204925E1000B66CA /* main.m in Sources */ = {isa = PBXBuildFile; fileRef = E401B211204925E1000B66CA /* main.m */; };
		E401B21C204925E1000B66CA /* ZPStrikeLineTests.m in Sources */ = {isa = PBXBuildFile; fileRef = E401B21B204925E1000B66CA /* ZPStrikeLineTests.m */; };
		E401B227204925E1000B66CA /* ZPStrikeLineUITests.m in Sources */ = {isa = PBXBuildFile; fileRef = E401B226204925E1000B66CA /* ZPStrikeLineUITests.m */; };
/* End PBXBuildFile section */

/* Begin PBXContainerItemProxy section */
		E401B218204925E1000B66CA /* PBXContainerItemProxy */ = {
			isa = PBXContainerItemProxy;
			containerPortal = E401B1F7204925E1000B66CA /* Project object */;
			proxyType = 1;
			remoteGlobalIDString = E401B1FE204925E1000B66CA;
			remoteInfo = ZPStrikeLine;
		};
		E401B223204925E1000B66CA /* PBXContainerItemProxy */ = {
			isa = PBXContainerItemProxy;
			containerPortal = E401B1F7204925E1000B66CA /* Project object */;
			proxyType = 1;
			remoteGlobalIDString = E401B1FE204925E1000B66CA;
			remoteInfo = ZPStrikeLine;
		};
/* End PBXContainerItemProxy section */

/* Begin PBXFileReference section */
		E401B1FF204925E1000B66CA /* ZPStrikeLine.app */ = {isa = PBXFileReference; explicitFileType = wrapper.application; includeInIndex = 0; path = ZPStrikeLine.app; sourceTree = BUILT_PRODUCTS_DIR; };
		E401B202204925E1000B66CA /* AppDelegate.h */ = {isa = PBXFileReference; lastKnownFileType = sourcecode.c.h; path = AppDelegate.h; sourceTree = "<group>"; };
		E401B203204925E1000B66CA /* AppDelegate.m */ = {isa = PBXFileReference; lastKnownFileType = sourcecode.c.objc; path = AppDelegate.m; sourceTree = "<group>"; };
		E401B205204925E1000B66CA /* ViewController.h */ = {isa = PBXFileReference; lastKnownFileType = sourcecode.c.h; path = ViewController.h; sourceTree = "<group>"; };
		E401B206204925E1000B66CA /* ViewController.m */ = {isa = PBXFileReference; lastKnownFileType = sourcecode.c.objc; path = ViewController.m; sourceTree = "<group>"; };
		E401B209204925E1000B66CA /* Base */ = {isa = PBXFileReference; lastKnownFileType = file.storyboard; name = Base; path = Base.lproj/Main.storyboard; sourceTree = "<group>"; };
		E401B20B204925E1000B66CA /* Assets.xcassets */ = {isa = PBXFileReference; lastKnownFileType = folder.assetcatalog; path = Assets.xcassets; sourceTree = "<group>"; };
		E401B20E204925E1000B66CA /* Base */ = {isa = PBXFileReference; lastKnownFileType = file.storyboard; name = Base; path = Base.lproj/LaunchScreen.storyboard; sourceTree = "<group>"; };
		E401B210204925E1000B66CA /* Info.plist */ = {isa = PBXFileReference; lastKnownFileType = text.plist.xml; path = Info.plist; sourceTree = "<group>"; };
		E401B211204925E1000B66CA /* main.m */ = {isa = PBXFileReference; lastKnownFileType = sourcecode.c.objc; path = main.m; sourceTree = "<group>"; };
		E401B217204925E1000B66CA /* ZPStrikeLineTests.xctest */ = {isa = PBXFileReference; explicitFileType = wrapper.cfbundle; includeInIndex = 0; path = ZPStrikeLineTests.xctest; sourceTree = BUILT_PRODUCTS_DIR; };
		E401B21B204925E1000B66CA /* ZPStrikeLineTests.m */ = {isa = PBXFileReference; lastKnownFileType = sourcecode.c.objc; path = ZPStrikeLineTests.m; sourceTree = "<group>"; };
		E401B21D204925E1000B66CA /* Info.plist */ = {isa = PBXFileReference; lastKnownFileType = text.plist.xml; path = Info.plist; sourceTree = "<group>"; };
		E401B222204925E1000B66CA /* ZPStrikeLineUITests.xctest */ = {isa = PBXFileReference; explicitFileType = wrapper.cfbundle; includeInIndex = 0; path = ZPStrikeLineUITests.xctest; sourceTree = BUILT_PRODUCTS_DIR; };
		E401B226204925E1000B66CA /* ZPStrikeLineUITests.m */ = {isa = PBXFileReference; lastKnownFileType = sourcecode.c.objc; path = ZPStrikeLineUITests.m; sourceTree = "<group>"; };
		E401B228204925E1000B66CA /* Info.plist */ = {isa = PBXFileReference; lastKnownFileType = text.plist.xml; path = Info.plist; sourceTree = "<group>"; };
/* End PBXFileReference section */

/* Begin PBXFrameworksBuildPhase section */
		E401B1FC204925E1000B66CA /* Frameworks */ = {
			isa = PBXFrameworksBuildPhase;
			buildActionMask = 2147483647;
			files = (
			);
			runOnlyForDeploymentPostprocessing = 0;
		};
		E401B214204925E1000B66CA /* Frameworks */ = {
			isa = PBXFrameworksBuildPhase;
			buildActionMask = 2147483647;
			files = (
			);
			runOnlyForDeploymentPostprocessing = 0;
		};
		E401B21F204925E1000B66CA /* Frameworks */ = {
			isa = PBXFrameworksBuildPhase;
			buildActionMask = 2147483647;
			files = (
			);
			runOnlyForDeploymentPostprocessing = 0;
		};
/* End PBXFrameworksBuildPhase section */

/* Begin PBXGroup section */
		E401B1F6204925E1000B66CA = {
			isa = PBXGroup;
			children = (
				E401B201204925E1000B66CA /* ZPStrikeLine */,
				E401B21A204925E1000B66CA /* ZPStrikeLineTests */,
				E401B225204925E1000B66CA /* ZPStrikeLineUITests */,
				E401B200204925E1000B66CA /* Products */,
			);
			sourceTree = "<group>";
		};
		E401B200204925E1000B66CA /* Products */ = {
			isa = PBXGroup;
			children = (
				E401B1FF204925E1000B66CA /* ZPStrikeLine.app */,
				E401B217204925E1000B66CA /* ZPStrikeLineTests.xctest */,
				E401B222204925E1000B66CA /* ZPStrikeLineUITests.xctest */,
			);
			name = Products;
			sourceTree = "<group>";
		};
		E401B201204925E1000B66CA /* ZPStrikeLine */ = {
			isa = PBXGroup;
			children = (
				E401B202204925E1000B66CA /* AppDelegate.h */,
				E401B203204925E1000B66CA /* AppDelegate.m */,
				E401B205204925E1000B66CA /* ViewController.h */,
				E401B206204925E1000B66CA /* ViewController.m */,
				E401B208204925E1000B66CA /* Main.storyboard */,
				E401B20B204925E1000B66CA /* Assets.xcassets */,
				E401B20D204925E1000B66CA /* LaunchScreen.storyboard */,
				E401B210204925E1000B66CA /* Info.plist */,
				E401B211204925E1000B66CA /* main.m */,
			);
			path = ZPStrikeLine;
			sourceTree = "<group>";
		};
		E401B21A204925E1000B66CA /* ZPStrikeLineTests */ = {
			isa = PBXGroup;
			children = (
				E401B21B204925E1000B66CA /* ZPStrikeLineTests.m */,
				E401B21D204925E1000B66CA /* Info.plist */,
			);
			path = ZPStrikeLineTests;
			sourceTree = "<group>";
		};
		E401B225204925E1000B66CA /* ZPStrikeLineUITests */ = {
			isa = PBXGroup;
			children = (
				E401B226204925E1000B66CA /* ZPStrikeLineUITests.m */,
				E401B228204925E1000B66CA /* Info.plist */,
			);
			path = ZPStrikeLineUITests;
			sourceTree = "<group>";
		};
/* End PBXGroup section */

/* Begin PBXNativeTarget section */
		E401B1FE204925E1000B66CA /* ZPStrikeLine */ = {
			isa = PBXNativeTarget;
			buildConfigurationList = E401B22B204925E1000B66CA /* Build configuration list for PBXNativeTarget "ZPStrikeLine" */;
			buildPhases = (
				E401B1FB204925E1000B66CA /* Sources */,
				E401B1FC204925E1000B66CA /* Frameworks */,
				E401B1FD204925E1000B66CA /* Resources */,
			);
			buildRules = (
			);
			dependencies = (
			);
			name = ZPStrikeLine;
			productName = ZPStrikeLine;
			productReference = E401B1FF204925E1000B66CA /* ZPStrikeLine.app */;
			productType = "com.apple.product-type.application";
		};
		E401B216204925E1000B66CA /* ZPStrikeLineTests */ = {
			isa = PBXNativeTarget;
			buildConfigurationList = E401B22E204925E1000B66CA /* Build configuration list for PBXNativeTarget "ZPStrikeLineTests" */;
			buildPhases = (
				E401B213204925E1000B66CA /* Sources */,
				E401B214204925E1000B66CA /* Frameworks */,
				E401B215204925E1000B66CA /* Resources */,
			);
			buildRules = (
			);
			dependencies = (
				E401B219204925E1000B66CA /* PBXTargetDependency */,
			);
			name = ZPStrikeLineTests;
			productName = ZPStrikeLineTests;
			productReference = E401B217204925E1000B66CA /* ZPStrikeLineTests.xctest */;
			productType = "com.apple.product-type.bundle.unit-test";
		};
		E401B221204925E1000B66CA /* ZPStrikeLineUITests */ = {
			isa = PBXNativeTarget;
			buildConfigurationList = E401B231204925E1000B66CA /* Build configuration list for PBXNativeTarget "ZPStrikeLineUITests" */;
			buildPhases = (
				E401B21E204925E1000B66CA /* Sources */,
				E401B21F204925E1000B66CA /* Frameworks */,
				E401B220204925E1000B66CA /* Resources */,
			);
			buildRules = (
			);
			dependencies = (
				E401B224204925E1000B66CA /* PBXTargetDependency */,
			);
			name = ZPStrikeLineUITests;
			productName = ZPStrikeLineUITests;
			productReference = E401B222204925E1000B66CA /* ZPStrikeLineUITests.xctest */;
			productType = "com.apple.product-type.bundle.ui-testing";
		};
/* End PBXNativeTarget section */

/* Begin PBXProject section */
		E401B1F7204925E1000B66CA /* Project object */ = {
			isa = PBXProject;
			attributes = {
				LastUpgradeCheck = 0920;
				ORGANIZATIONNAME = zcs;
				TargetAttributes = {
					E401B1FE204925E1000B66CA = {
						CreatedOnToolsVersion = 9.2;
						ProvisioningStyle = Automatic;
					};
					E401B216204925E1000B66CA = {
						CreatedOnToolsVersion = 9.2;
						ProvisioningStyle = Automatic;
						TestTargetID = E401B1FE204925E1000B66CA;
					};
					E401B221204925E1000B66CA = {
						CreatedOnToolsVersion = 9.2;
						ProvisioningStyle = Automatic;
						TestTargetID = E401B1FE204925E1000B66CA;
					};
				};
			};
			buildConfigurationList = E401B1FA204925E1000B66CA /* Build configuration list for PBXProject "ZPStrikeLine" */;
			compatibilityVersion = "Xcode 8.0";
			developmentRegion = en;
			hasScannedForEncodings = 0;
			knownRegions = (
				en,
				Base,
			);
			mainGroup = E401B1F6204925E1000B66CA;
			productRefGroup = E401B200204925E1000B66CA /* Products */;
			projectDirPath = "";
			projectRoot = "";
			targets = (
				E401B1FE204925E1000B66CA /* ZPStrikeLine */,
				E401B216204925E1000B66CA /* ZPStrikeLineTests */,
				E401B221204925E1000B66CA /* ZPStrikeLineUITests */,
			);
		};
/* End PBXProject section */

/* Begin PBXResourcesBuildPhase section */
		E401B1FD204925E1000B66CA /* Resources */ = {
			isa = PBXResourcesBuildPhase;
			buildActionMask = 2147483647;
			files = (
				E401B20F204925E1000B66CA /* LaunchScreen.storyboard in Resources */,
				E401B20C204925E1000B66CA /* Assets.xcassets in Resources */,
				E401B20A204925E1000B66CA /* Main.storyboard in Resources */,
			);
			runOnlyForDeploymentPostprocessing = 0;
		};
		E401B215204925E1000B66CA /* Resources */ = {
			isa = PBXResourcesBuildPhase;
			buildActionMask = 2147483647;
			files = (
			);
			runOnlyForDeploymentPostprocessing = 0;
		};
		E401B220204925E1000B66CA /* Resources */ = {
			isa = PBXResourcesBuildPhase;
			buildActionMask = 2147483647;
			files = (
			);
			runOnlyForDeploymentPostprocessing = 0;
		};
/* End PBXResourcesBuildPhase section */

/* Begin PBXSourcesBuildPhase section */
		E401B1FB204925E1000B66CA /* Sources */ = {
			isa = PBXSourcesBuildPhase;
			buildActionMask = 2147483647;
			files = (
				E401B207204925E1000B66CA /* ViewController.m in Sources */,
				E401B212204925E1000B66CA /* main.m in Sources */,
				E401B204204925E1000B66CA /* AppDelegate.m in Sources */,
			);
			runOnlyForDeploymentPostprocessing = 0;
		};
		E401B213204925E1000B66CA /* Sources */ = {
			isa = PBXSourcesBuildPhase;
			buildActionMask = 2147483647;
			files = (
				E401B21C204925E1000B66CA /* ZPStrikeLineTests.m in Sources */,
			);
			runOnlyForDeploymentPostprocessing = 0;
		};
		E401B21E204925E1000B66CA /* Sources */ = {
			isa = PBXSourcesBuildPhase;
			buildActionMask = 2147483647;
			files = (
				E401B227204925E1000B66CA /* ZPStrikeLineUITests.m in Sources */,
			);
			runOnlyForDeploymentPostprocessing = 0;
		};
/* End PBXSourcesBuildPhase section */

/* Begin PBXTargetDependency section */
		E401B219204925E1000B66CA /* PBXTargetDependency */ = {
			isa = PBXTargetDependency;
			target = E401B1FE204925E1000B66CA /* ZPStrikeLine */;
			targetProxy = E401B218204925E1000B66CA /* PBXContainerItemProxy */;
		};
		E401B224204925E1000B66CA /* PBXTargetDependency */ = {
			isa = PBXTargetDependency;
			target = E401B1FE204925E1000B66CA /* ZPStrikeLine */;
			targetProxy = E401B223204925E1000B66CA /* PBXContainerItemProxy */;
		};
/* End PBXTargetDependency section */

/* Begin PBXVariantGroup section */
		E401B208204925E1000B66CA /* Main.storyboard */ = {
			isa = PBXVariantGroup;
			children = (
				E401B209204925E1000B66CA /* Base */,
			);
			name = Main.storyboard;
			sourceTree = "<group>";
		};
		E401B20D204925E1000B66CA /* LaunchScreen.storyboard */ = {
			isa = PBXVariantGroup;
			children = (
				E401B20E204925E1000B66CA /* Base */,
			);
			name = LaunchScreen.storyboard;
			sourceTree = "<group>";
		};
/* End PBXVariantGroup section */

/* Begin XCBuildConfiguration section */
		E401B229204925E1000B66CA /* Debug */ = {
			isa = XCBuildConfiguration;
			buildSettings = {
				ALWAYS_SEARCH_USER_PATHS = NO;
				CLANG_ANALYZER_NONNULL = YES;
				CLANG_ANALYZER_NUMBER_OBJECT_CONVERSION = YES_AGGRESSIVE;
				CLANG_CXX_LANGUAGE_STANDARD = "gnu++14";
				CLANG_CXX_LIBRARY = "libc++";
				CLANG_ENABLE_MODULES = YES;
				CLANG_ENABLE_OBJC_ARC = YES;
				CLANG_WARN_BLOCK_CAPTURE_AUTORELEASING = YES;
				CLANG_WARN_BOOL_CONVERSION = YES;
				CLANG_WARN_COMMA = YES;
				CLANG_WARN_CONSTANT_CONVERSION = YES;
				CLANG_WARN_DIRECT_OBJC_ISA_USAGE = YES_ERROR;
				CLANG_WARN_DOCUMENTATION_COMMENTS = YES;
				CLANG_WARN_EMPTY_BODY = YES;
				CLANG_WARN_ENUM_CONVERSION = YES;
				CLANG_WARN_INFINITE_RECURSION = YES;
				CLANG_WARN_INT_CONVERSION = YES;
				CLANG_WARN_NON_LITERAL_NULL_CONVERSION = YES;
				CLANG_WARN_OBJC_LITERAL_CONVERSION = YES;
				CLANG_WARN_OBJC_ROOT_CLASS = YES_ERROR;
				CLANG_WARN_RANGE_LOOP_ANALYSIS = YES;
				CLANG_WARN_STRICT_PROTOTYPES = YES;
				CLANG_WARN_SUSPICIOUS_MOVE = YES;
				CLANG_WARN_UNGUARDED_AVAILABILITY = YES_AGGRESSIVE;
				CLANG_WARN_UNREACHABLE_CODE = YES;
				CLANG_WARN__DUPLICATE_METHOD_MATCH = YES;
				CODE_SIGN_IDENTITY = "iPhone Developer";
				COPY_PHASE_STRIP = NO;
				DEBUG_INFORMATION_FORMAT = dwarf;
				ENABLE_STRICT_OBJC_MSGSEND = YES;
				ENABLE_TESTABILITY = YES;
				GCC_C_LANGUAGE_STANDARD = gnu11;
				GCC_DYNAMIC_NO_PIC = NO;
				GCC_NO_COMMON_BLOCKS = YES;
				GCC_OPTIMIZATION_LEVEL = 0;
				GCC_PREPROCESSOR_DEFINITIONS = (
					"DEBUG=1",
					"$(inherited)",
				);
				GCC_WARN_64_TO_32_BIT_CONVERSION = YES;
				GCC_WARN_ABOUT_RETURN_TYPE = YES_ERROR;
				GCC_WARN_UNDECLARED_SELECTOR = YES;
				GCC_WARN_UNINITIALIZED_AUTOS = YES_AGGRESSIVE;
				GCC_WARN_UNUSED_FUNCTION = YES;
				GCC_WARN_UNUSED_VARIABLE = YES;
				IPHONEOS_DEPLOYMENT_TARGET = 11.2;
				MTL_ENABLE_DEBUG_INFO = YES;
				ONLY_ACTIVE_ARCH = YES;
				SDKROOT = iphoneos;
			};
			name = Debug;
		};
		E401B22A204925E1000B66CA /* Release */ = {
			isa = XCBuildConfiguration;
			buildSettings = {
				ALWAYS_SEARCH_USER_PATHS = NO;
				CLANG_ANALYZER_NONNULL = YES;
				CLANG_ANALYZER_NUMBER_OBJECT_CONVERSION = YES_AGGRESSIVE;
				CLANG_CXX_LANGUAGE_STANDARD = "gnu++14";
				CLANG_CXX_LIBRARY = "libc++";
				CLANG_ENABLE_MODULES = YES;
				CLANG_ENABLE_OBJC_ARC = YES;
				CLANG_WARN_BLOCK_CAPTURE_AUTORELEASING = YES;
				CLANG_WARN_BOOL_CONVERSION = YES;
				CLANG_WARN_COMMA = YES;
				CLANG_WARN_CONSTANT_CONVERSION = YES;
				CLANG_WARN_DIRECT_OBJC_ISA_USAGE = YES_ERROR;
				CLANG_WARN_DOCUMENTATION_COMMENTS = YES;
				CLANG_WARN_EMPTY_BODY = YES;
				CLANG_WARN_ENUM_CONVERSION = YES;
				CLANG_WARN_INFINITE_RECURSION = YES;
				CLANG_WARN_INT_CONVERSION = YES;
				CLANG_WARN_NON_LITERAL_NULL_CONVERSION = YES;
				CLANG_WARN_OBJC_LITERAL_CONVERSION = YES;
				CLANG_WARN_OBJC_ROOT_CLASS = YES_ERROR;
				CLANG_WARN_RANGE_LOOP_ANALYSIS = YES;
				CLANG_WARN_STRICT_PROTOTYPES = YES;
				CLANG_WARN_SUSPICIOUS_MOVE = YES;
				CLANG_WARN_UNGUARDED_AVAILABILITY = YES_AGGRESSIVE;
				CLANG_WARN_UNREACHABLE_CODE = YES;
				CLANG_WARN__DUPLICATE_METHOD_MATCH = YES;
				CODE_SIGN_IDENTITY = "iPhone Developer";
				COPY_PHASE_STRIP = NO;
				DEBUG_INFORMATION_FORMAT = "dwarf-with-dsym";
				ENABLE_NS_ASSERTIONS = NO;
				ENABLE_STRICT_OBJC_MSGSEND = YES;
				GCC_C_LANGUAGE_STANDARD = gnu11;
				GCC_NO_COMMON_BLOCKS = YES;
				GCC_WARN_64_TO_32_BIT_CONVERSION = YES;
				GCC_WARN_ABOUT_RETURN_TYPE = YES_ERROR;
				GCC_WARN_UNDECLARED_SELECTOR = YES;
				GCC_WARN_UNINITIALIZED_AUTOS = YES_AGGRESSIVE;
				GCC_WARN_UNUSED_FUNCTION = YES;
				GCC_WARN_UNUSED_VARIABLE = YES;
				IPHONEOS_DEPLOYMENT_TARGET = 11.2;
				MTL_ENABLE_DEBUG_INFO = NO;
				SDKROOT = iphoneos;
				VALIDATE_PRODUCT = YES;
			};
			name = Release;
		};
		E401B22C204925E1000B66CA /* Debug */ = {
			isa = XCBuildConfiguration;
			buildSettings = {
				ASSETCATALOG_COMPILER_APPICON_NAME = AppIcon;
				CODE_SIGN_STYLE = Automatic;
				INFOPLIST_FILE = ZPStrikeLine/Info.plist;
				LD_RUNPATH_SEARCH_PATHS = "$(inherited) @executable_path/Frameworks";
				PRODUCT_BUNDLE_IDENTIFIER = com.ZPStrikeLine;
				PRODUCT_NAME = "$(TARGET_NAME)";
				TARGETED_DEVICE_FAMILY = "1,2";
			};
			name = Debug;
		};
		E401B22D204925E1000B66CA /* Release */ = {
			isa = XCBuildConfiguration;
			buildSettings = {
				ASSETCATALOG_COMPILER_APPICON_NAME = AppIcon;
				CODE_SIGN_STYLE = Automatic;
				INFOPLIST_FILE = ZPStrikeLine/Info.plist;
				LD_RUNPATH_SEARCH_PATHS = "$(inherited) @executable_path/Frameworks";
				PRODUCT_BUNDLE_IDENTIFIER = com.ZPStrikeLine;
				PRODUCT_NAME = "$(TARGET_NAME)";
				TARGETED_DEVICE_FAMILY = "1,2";
			};
			name = Release;
		};
		E401B22F204925E1000B66CA /* Debug */ = {
			isa = XCBuildConfiguration;
			buildSettings = {
				BUNDLE_LOADER = "$(TEST_HOST)";
				CODE_SIGN_STYLE = Automatic;
				INFOPLIST_FILE = ZPStrikeLineTests/Info.plist;
				LD_RUNPATH_SEARCH_PATHS = "$(inherited) @executable_path/Frameworks @loader_path/Frameworks";
				PRODUCT_BUNDLE_IDENTIFIER = com.ZPStrikeLineTests;
				PRODUCT_NAME = "$(TARGET_NAME)";
				TARGETED_DEVICE_FAMILY = "1,2";
				TEST_HOST = "$(BUILT_PRODUCTS_DIR)/ZPStrikeLine.app/ZPStrikeLine";
			};
			name = Debug;
		};
		E401B230204925E1000B66CA /* Release */ = {
			isa = XCBuildConfiguration;
			buildSettings = {
				BUNDLE_LOADER = "$(TEST_HOST)";
				CODE_SIGN_STYLE = Automatic;
				INFOPLIST_FILE = ZPStrikeLineTests/Info.plist;
				LD_RUNPATH_SEARCH_PATHS = "$(inherited) @executable_path/Frameworks @loader_path/Frameworks";
				PRODUCT_BUNDLE_IDENTIFIER = com.ZPStrikeLineTests;
				PRODUCT_NAME = "$(TARGET_NAME)";
				TARGETED_DEVICE_FAMILY = "1,2";
				TEST_HOST = "$(BUILT_PRODUCTS_DIR)/ZPStrikeLine.app/ZPStrikeLine";
			};
			name = Release;
		};
		E401B232204925E1000B66CA /* Debug */ = {
			isa = XCBuildConfiguration;
			buildSettings = {
				CODE_SIGN_STYLE = Automatic;
				INFOPLIST_FILE = ZPStrikeLineUITests/Info.plist;
				LD_RUNPATH_SEARCH_PATHS = "$(inherited) @executable_path/Frameworks @loader_path/Frameworks";
				PRODUCT_BUNDLE_IDENTIFIER = com.ZPStrikeLineUITests;
				PRODUCT_NAME = "$(TARGET_NAME)";
				TARGETED_DEVICE_FAMILY = "1,2";
				TEST_TARGET_NAME = ZPStrikeLine;
			};
			name = Debug;
		};
		E401B233204925E1000B66CA /* Release */ = {
			isa = XCBuildConfiguration;
			buildSettings = {
				CODE_SIGN_STYLE = Automatic;
				INFOPLIST_FILE = ZPStrikeLineUITests/Info.plist;
				LD_RUNPATH_SEARCH_PATHS = "$(inherited) @executable_path/Frameworks @loader_path/Frameworks";
				PRODUCT_BUNDLE_IDENTIFIER = com.ZPStrikeLineUITests;
				PRODUCT_NAME = "$(TARGET_NAME)";
				TARGETED_DEVICE_FAMILY = "1,2";
				TEST_TARGET_NAME = ZPStrikeLine;
			};
			name = Release;
		};
/* End XCBuildConfiguration section */

/* Begin XCConfigurationList section */
		E401B1FA204925E1000B66CA /* Build configuration list for PBXProject "ZPStrikeLine" */ = {
			isa = XCConfigurationList;
			buildConfigurations = (
				E401B229204925E1000B66CA /* Debug */,
				E401B22A204925E1000B66CA /* Release */,
			);
			defaultConfigurationIsVisible = 0;
			defaultConfigurationName = Release;
		};
		E401B22B204925E1000B66CA /* Build configuration list for PBXNativeTarget "ZPStrikeLine" */ = {
			isa = XCConfigurationList;
			buildConfigurations = (
				E401B22C204925E1000B66CA /* Debug */,
				E401B22D204925E1000B66CA /* Release */,
			);
			defaultConfigurationIsVisible = 0;
			defaultConfigurationName = Release;
		};
		E401B22E204925E1000B66CA /* Build configuration list for PBXNativeTarget "ZPStrikeLineTests" */ = {
			isa = XCConfigurationList;
			buildConfigurations = (
				E401B22F204925E1000B66CA /* Debug */,
				E401B230204925E1000B66CA /* Release */,
			);
			defaultConfigurationIsVisible = 0;
			defaultConfigurationName = Release;
		};
		E401B231204925E1000B66CA /* Build configuration list for PBXNativeTarget "ZPStrikeLineUITests" */ = {
			isa = XCConfigurationList;
			buildConfigurations = (
				E401B232204925E1000B66CA /* Debug */,
				E401B233204925E1000B66CA /* Release */,
			);
			defaultConfigurationIsVisible = 0;
			defaultConfigurationName = Release;
		};
/* End XCConfigurationList section */
	};
	rootObject = E401B1F7204925E1000B66CA /* Project object */;
}
